
Microsoft Visual Studio Solution File, Format Version 12.00
# Visual Studio Version 17
VisualStudioVersion = 17.3.32922.545
MinimumVisualStudioVersion = 10.0.40219.1
Project("{FAE04EC0-301F-11D3-BF4B-00C04F79EFBC}") = "String Interpolation demo", "String Interpolation demo.csproj", "{7E0DAB3E-57DA-4EB8-81ED-D53B0E2E1B01}"
EndProject
Global
	GlobalSection(SolutionConfigurationPlatforms) = preSolution
		Debug|Any CPU = Debug|Any CPU
		Release|Any CPU = Release|Any CPU
	EndGlobalSection
	GlobalSection(ProjectConfigurationPlatforms) = postSolution
		{7E0DAB3E-57DA-4EB8-81ED-D53B0E2E1B01}.Debug|Any CPU.ActiveCfg = Debug|Any CPU
		{7E0DAB3E-57DA-4EB8-81ED-D53B0E2E1B01}.Debug|Any CPU.Build.0 = Debug|Any CPU
		{7E0DAB3E-57DA-4EB8-81ED-D53B0E2E1B01}.Release|Any CPU.ActiveCfg = Release|Any CPU
		{7E0DAB3E-57DA-4EB8-81ED-D53B0E2E1B01}.Release|Any CPU.Build.0 = Release|Any CPU
	EndGlobalSection
	GlobalSection(SolutionProperties) = preSolution
		HideSolutionNode = FALSE
	EndGlobalSection
	GlobalSection(ExtensibilityGlobals) = postSolution
		SolutionGuid = {12F41D9D-D56E-4CB2-98A5-99A90211148F}
	EndGlobalSection
EndGlobal
