
Microsoft Visual Studio Solution File, Format Version 12.00
# Visual Studio Version 17
VisualStudioVersion = 17.3.32819.101
MinimumVisualStudioVersion = 10.0.40219.1
Project("{FAE04EC0-301F-11D3-BF4B-00C04F79EFBC}") = "OrangeTreeSim", "OrangeTreeSim\OrangeTreeSim.csproj", "{CF6E9E43-F5BE-497F-A5B1-3ECF17C4F550}"
EndProject
Project("{FAE04EC0-301F-11D3-BF4B-00C04F79EFBC}") = "OrangeTreeTest", "OrangeTreeTest\OrangeTreeTest.csproj", "{9C056FF4-8F60-4092-9E1B-D5D3303834B3}"
EndProject
Global
	GlobalSection(SolutionConfigurationPlatforms) = preSolution
		Debug|Any CPU = Debug|Any CPU
		Release|Any CPU = Release|Any CPU
	EndGlobalSection
	GlobalSection(ProjectConfigurationPlatforms) = postSolution
		{CF6E9E43-F5BE-497F-A5B1-3ECF17C4F550}.Debug|Any CPU.ActiveCfg = Debug|Any CPU
		{CF6E9E43-F5BE-497F-A5B1-3ECF17C4F550}.Debug|Any CPU.Build.0 = Debug|Any CPU
		{CF6E9E43-F5BE-497F-A5B1-3ECF17C4F550}.Release|Any CPU.ActiveCfg = Release|Any CPU
		{CF6E9E43-F5BE-497F-A5B1-3ECF17C4F550}.Release|Any CPU.Build.0 = Release|Any CPU
		{9C056FF4-8F60-4092-9E1B-D5D3303834B3}.Debug|Any CPU.ActiveCfg = Debug|Any CPU
		{9C056FF4-8F60-4092-9E1B-D5D3303834B3}.Debug|Any CPU.Build.0 = Debug|Any CPU
		{9C056FF4-8F60-4092-9E1B-D5D3303834B3}.Release|Any CPU.ActiveCfg = Release|Any CPU
		{9C056FF4-8F60-4092-9E1B-D5D3303834B3}.Release|Any CPU.Build.0 = Release|Any CPU
	EndGlobalSection
	GlobalSection(SolutionProperties) = preSolution
		HideSolutionNode = FALSE
	EndGlobalSection
	GlobalSection(ExtensibilityGlobals) = postSolution
		SolutionGuid = {EE740FD3-EB00-45F1-B221-F6B8E0517A0E}
	EndGlobalSection
EndGlobal
