
Microsoft Visual Studio Solution File, Format Version 12.00
# Visual Studio Version 17
VisualStudioVersion = 17.3.32922.545
MinimumVisualStudioVersion = 10.0.40219.1
Project("{FAE04EC0-301F-11D3-BF4B-00C04F79EFBC}") = "Ref vs Out demo", "Ref vs Out demo.csproj", "{82F9FC71-FAA6-427A-AD00-A6CE36340D8D}"
EndProject
Global
	GlobalSection(SolutionConfigurationPlatforms) = preSolution
		Debug|Any CPU = Debug|Any CPU
		Release|Any CPU = Release|Any CPU
	EndGlobalSection
	GlobalSection(ProjectConfigurationPlatforms) = postSolution
		{82F9FC71-FAA6-427A-AD00-A6CE36340D8D}.Debug|Any CPU.ActiveCfg = Debug|Any CPU
		{82F9FC71-FAA6-427A-AD00-A6CE36340D8D}.Debug|Any CPU.Build.0 = Debug|Any CPU
		{82F9FC71-FAA6-427A-AD00-A6CE36340D8D}.Release|Any CPU.ActiveCfg = Release|Any CPU
		{82F9FC71-FAA6-427A-AD00-A6CE36340D8D}.Release|Any CPU.Build.0 = Release|Any CPU
	EndGlobalSection
	GlobalSection(SolutionProperties) = preSolution
		HideSolutionNode = FALSE
	EndGlobalSection
	GlobalSection(ExtensibilityGlobals) = postSolution
		SolutionGuid = {701AA126-CCB6-4FCA-AC36-126794BDAEC9}
	EndGlobalSection
EndGlobal
