
Microsoft Visual Studio Solution File, Format Version 12.00
# Visual Studio Version 17
VisualStudioVersion = 17.3.32819.101
MinimumVisualStudioVersion = 10.0.40219.1
Project("{FAE04EC0-301F-11D3-BF4B-00C04F79EFBC}") = "Persistens", "Persistens\Persistens.csproj", "{3C374E22-D224-47E7-82D3-A6E35202FF83}"
EndProject
Project("{FAE04EC0-301F-11D3-BF4B-00C04F79EFBC}") = "TestProject1", "TestProject1\TestProject1.csproj", "{0B1C64A5-11A2-4328-A2B9-E4A0823EC7D5}"
EndProject
Global
	GlobalSection(SolutionConfigurationPlatforms) = preSolution
		Debug|Any CPU = Debug|Any CPU
		Release|Any CPU = Release|Any CPU
	EndGlobalSection
	GlobalSection(ProjectConfigurationPlatforms) = postSolution
		{3C374E22-D224-47E7-82D3-A6E35202FF83}.Debug|Any CPU.ActiveCfg = Debug|Any CPU
		{3C374E22-D224-47E7-82D3-A6E35202FF83}.Debug|Any CPU.Build.0 = Debug|Any CPU
		{3C374E22-D224-47E7-82D3-A6E35202FF83}.Release|Any CPU.ActiveCfg = Release|Any CPU
		{3C374E22-D224-47E7-82D3-A6E35202FF83}.Release|Any CPU.Build.0 = Release|Any CPU
		{0B1C64A5-11A2-4328-A2B9-E4A0823EC7D5}.Debug|Any CPU.ActiveCfg = Debug|Any CPU
		{0B1C64A5-11A2-4328-A2B9-E4A0823EC7D5}.Debug|Any CPU.Build.0 = Debug|Any CPU
		{0B1C64A5-11A2-4328-A2B9-E4A0823EC7D5}.Release|Any CPU.ActiveCfg = Release|Any CPU
		{0B1C64A5-11A2-4328-A2B9-E4A0823EC7D5}.Release|Any CPU.Build.0 = Release|Any CPU
	EndGlobalSection
	GlobalSection(SolutionProperties) = preSolution
		HideSolutionNode = FALSE
	EndGlobalSection
	GlobalSection(ExtensibilityGlobals) = postSolution
		SolutionGuid = {F6047772-07CD-4CDF-B9C5-106F4F535E4D}
	EndGlobalSection
EndGlobal
