
Microsoft Visual Studio Solution File, Format Version 12.00
# Visual Studio Version 17
VisualStudioVersion = 17.3.32922.545
MinimumVisualStudioVersion = 10.0.40219.1
Project("{FAE04EC0-301F-11D3-BF4B-00C04F79EFBC}") = "If Statements demo", "If Statements demo.csproj", "{BC469C64-5FB7-4A83-AED8-3DA1858AADF1}"
EndProject
Global
	GlobalSection(SolutionConfigurationPlatforms) = preSolution
		Debug|Any CPU = Debug|Any CPU
		Release|Any CPU = Release|Any CPU
	EndGlobalSection
	GlobalSection(ProjectConfigurationPlatforms) = postSolution
		{BC469C64-5FB7-4A83-AED8-3DA1858AADF1}.Debug|Any CPU.ActiveCfg = Debug|Any CPU
		{BC469C64-5FB7-4A83-AED8-3DA1858AADF1}.Debug|Any CPU.Build.0 = Debug|Any CPU
		{BC469C64-5FB7-4A83-AED8-3DA1858AADF1}.Release|Any CPU.ActiveCfg = Release|Any CPU
		{BC469C64-5FB7-4A83-AED8-3DA1858AADF1}.Release|Any CPU.Build.0 = Release|Any CPU
	EndGlobalSection
	GlobalSection(SolutionProperties) = preSolution
		HideSolutionNode = FALSE
	EndGlobalSection
	GlobalSection(ExtensibilityGlobals) = postSolution
		SolutionGuid = {37F16DA7-BEAC-4FCF-B7B7-2D9BD52A4EEC}
	EndGlobalSection
EndGlobal
