
Microsoft Visual Studio Solution File, Format Version 12.00
# Visual Studio Version 17
VisualStudioVersion = 17.3.32922.545
MinimumVisualStudioVersion = 10.0.40219.1
Project("{FAE04EC0-301F-11D3-BF4B-00C04F79EFBC}") = "Enumeration demo", "Enumeration demo.csproj", "{CA67862E-38B3-4634-B04B-E7192D55FCD5}"
EndProject
Global
	GlobalSection(SolutionConfigurationPlatforms) = preSolution
		Debug|Any CPU = Debug|Any CPU
		Release|Any CPU = Release|Any CPU
	EndGlobalSection
	GlobalSection(ProjectConfigurationPlatforms) = postSolution
		{CA67862E-38B3-4634-B04B-E7192D55FCD5}.Debug|Any CPU.ActiveCfg = Debug|Any CPU
		{CA67862E-38B3-4634-B04B-E7192D55FCD5}.Debug|Any CPU.Build.0 = Debug|Any CPU
		{CA67862E-38B3-4634-B04B-E7192D55FCD5}.Release|Any CPU.ActiveCfg = Release|Any CPU
		{CA67862E-38B3-4634-B04B-E7192D55FCD5}.Release|Any CPU.Build.0 = Release|Any CPU
	EndGlobalSection
	GlobalSection(SolutionProperties) = preSolution
		HideSolutionNode = FALSE
	EndGlobalSection
	GlobalSection(ExtensibilityGlobals) = postSolution
		SolutionGuid = {758E2EDA-7ADD-460E-A5D5-34EC543A866A}
	EndGlobalSection
EndGlobal
