
Microsoft Visual Studio Solution File, Format Version 12.00
# Visual Studio Version 17
VisualStudioVersion = 17.3.32922.545
MinimumVisualStudioVersion = 10.0.40219.1
Project("{FAE04EC0-301F-11D3-BF4B-00C04F79EFBC}") = "Foreach demo", "Foreach demo.csproj", "{AE422D6C-DB4F-4337-9A08-AD93160C2DEF}"
EndProject
Global
	GlobalSection(SolutionConfigurationPlatforms) = preSolution
		Debug|Any CPU = Debug|Any CPU
		Release|Any CPU = Release|Any CPU
	EndGlobalSection
	GlobalSection(ProjectConfigurationPlatforms) = postSolution
		{AE422D6C-DB4F-4337-9A08-AD93160C2DEF}.Debug|Any CPU.ActiveCfg = Debug|Any CPU
		{AE422D6C-DB4F-4337-9A08-AD93160C2DEF}.Debug|Any CPU.Build.0 = Debug|Any CPU
		{AE422D6C-DB4F-4337-9A08-AD93160C2DEF}.Release|Any CPU.ActiveCfg = Release|Any CPU
		{AE422D6C-DB4F-4337-9A08-AD93160C2DEF}.Release|Any CPU.Build.0 = Release|Any CPU
	EndGlobalSection
	GlobalSection(SolutionProperties) = preSolution
		HideSolutionNode = FALSE
	EndGlobalSection
	GlobalSection(ExtensibilityGlobals) = postSolution
		SolutionGuid = {E457D63C-8EBF-4575-B5FD-7531A41792F3}
	EndGlobalSection
EndGlobal
