
Microsoft Visual Studio Solution File, Format Version 12.00
# Visual Studio Version 17
VisualStudioVersion = 17.3.32922.545
MinimumVisualStudioVersion = 10.0.40219.1
Project("{FAE04EC0-301F-11D3-BF4B-00C04F79EFBC}") = "Constructors demo", "Constructors demo.csproj", "{B1A38595-9450-4C3C-89E4-836A4387A288}"
EndProject
Global
	GlobalSection(SolutionConfigurationPlatforms) = preSolution
		Debug|Any CPU = Debug|Any CPU
		Release|Any CPU = Release|Any CPU
	EndGlobalSection
	GlobalSection(ProjectConfigurationPlatforms) = postSolution
		{B1A38595-9450-4C3C-89E4-836A4387A288}.Debug|Any CPU.ActiveCfg = Debug|Any CPU
		{B1A38595-9450-4C3C-89E4-836A4387A288}.Debug|Any CPU.Build.0 = Debug|Any CPU
		{B1A38595-9450-4C3C-89E4-836A4387A288}.Release|Any CPU.ActiveCfg = Release|Any CPU
		{B1A38595-9450-4C3C-89E4-836A4387A288}.Release|Any CPU.Build.0 = Release|Any CPU
	EndGlobalSection
	GlobalSection(SolutionProperties) = preSolution
		HideSolutionNode = FALSE
	EndGlobalSection
	GlobalSection(ExtensibilityGlobals) = postSolution
		SolutionGuid = {DDA1BB63-663C-420E-A0C2-17A4483B0F65}
	EndGlobalSection
EndGlobal
