
Microsoft Visual Studio Solution File, Format Version 12.00
# Visual Studio Version 17
VisualStudioVersion = 17.3.32819.101
MinimumVisualStudioVersion = 10.0.40219.1
Project("{9A19103F-16F7-4668-BE54-9A1E7A4F7556}") = "Calculator", "Calculator\Calculator.csproj", "{8DCCEBE9-3919-4418-B1F7-53E20A573341}"
EndProject
Project("{FAE04EC0-301F-11D3-BF4B-00C04F79EFBC}") = "TestProject", "TestProject\TestProject.csproj", "{9533F3CA-2475-4EBC-9261-81049CEE514B}"
EndProject
Global
	GlobalSection(SolutionConfigurationPlatforms) = preSolution
		Debug|Any CPU = Debug|Any CPU
		Release|Any CPU = Release|Any CPU
	EndGlobalSection
	GlobalSection(ProjectConfigurationPlatforms) = postSolution
		{8DCCEBE9-3919-4418-B1F7-53E20A573341}.Debug|Any CPU.ActiveCfg = Debug|Any CPU
		{8DCCEBE9-3919-4418-B1F7-53E20A573341}.Debug|Any CPU.Build.0 = Debug|Any CPU
		{8DCCEBE9-3919-4418-B1F7-53E20A573341}.Release|Any CPU.ActiveCfg = Release|Any CPU
		{8DCCEBE9-3919-4418-B1F7-53E20A573341}.Release|Any CPU.Build.0 = Release|Any CPU
		{9533F3CA-2475-4EBC-9261-81049CEE514B}.Debug|Any CPU.ActiveCfg = Debug|Any CPU
		{9533F3CA-2475-4EBC-9261-81049CEE514B}.Debug|Any CPU.Build.0 = Debug|Any CPU
		{9533F3CA-2475-4EBC-9261-81049CEE514B}.Release|Any CPU.ActiveCfg = Release|Any CPU
		{9533F3CA-2475-4EBC-9261-81049CEE514B}.Release|Any CPU.Build.0 = Release|Any CPU
	EndGlobalSection
	GlobalSection(SolutionProperties) = preSolution
		HideSolutionNode = FALSE
	EndGlobalSection
	GlobalSection(ExtensibilityGlobals) = postSolution
		SolutionGuid = {97DEA915-E87B-4105-9057-BBA1A8379EF1}
	EndGlobalSection
EndGlobal
