
Microsoft Visual Studio Solution File, Format Version 12.00
# Visual Studio Version 17
VisualStudioVersion = 17.3.32922.545
MinimumVisualStudioVersion = 10.0.40219.1
Project("{FAE04EC0-301F-11D3-BF4B-00C04F79EFBC}") = "Objects As Arguments demo", "Objects As Arguments demo.csproj", "{87D6B715-A2C0-4033-A258-61B15FBEDC56}"
EndProject
Global
	GlobalSection(SolutionConfigurationPlatforms) = preSolution
		Debug|Any CPU = Debug|Any CPU
		Release|Any CPU = Release|Any CPU
	EndGlobalSection
	GlobalSection(ProjectConfigurationPlatforms) = postSolution
		{87D6B715-A2C0-4033-A258-61B15FBEDC56}.Debug|Any CPU.ActiveCfg = Debug|Any CPU
		{87D6B715-A2C0-4033-A258-61B15FBEDC56}.Debug|Any CPU.Build.0 = Debug|Any CPU
		{87D6B715-A2C0-4033-A258-61B15FBEDC56}.Release|Any CPU.ActiveCfg = Release|Any CPU
		{87D6B715-A2C0-4033-A258-61B15FBEDC56}.Release|Any CPU.Build.0 = Release|Any CPU
	EndGlobalSection
	GlobalSection(SolutionProperties) = preSolution
		HideSolutionNode = FALSE
	EndGlobalSection
	GlobalSection(ExtensibilityGlobals) = postSolution
		SolutionGuid = {F909E0EB-B374-424B-A6DD-9CCA51AAAC7D}
	EndGlobalSection
EndGlobal
