
Microsoft Visual Studio Solution File, Format Version 12.00
# Visual Studio Version 17
VisualStudioVersion = 17.3.32819.101
MinimumVisualStudioVersion = 10.0.40219.1
Project("{FAE04EC0-301F-11D3-BF4B-00C04F79EFBC}") = "Lille spil", "Lille spil\Lille spil.csproj", "{BFC967BC-5968-4329-A568-628FAF7E9E41}"
EndProject
Global
	GlobalSection(SolutionConfigurationPlatforms) = preSolution
		Debug|Any CPU = Debug|Any CPU
		Release|Any CPU = Release|Any CPU
	EndGlobalSection
	GlobalSection(ProjectConfigurationPlatforms) = postSolution
		{BFC967BC-5968-4329-A568-628FAF7E9E41}.Debug|Any CPU.ActiveCfg = Debug|Any CPU
		{BFC967BC-5968-4329-A568-628FAF7E9E41}.Debug|Any CPU.Build.0 = Debug|Any CPU
		{BFC967BC-5968-4329-A568-628FAF7E9E41}.Release|Any CPU.ActiveCfg = Release|Any CPU
		{BFC967BC-5968-4329-A568-628FAF7E9E41}.Release|Any CPU.Build.0 = Release|Any CPU
	EndGlobalSection
	GlobalSection(SolutionProperties) = preSolution
		HideSolutionNode = FALSE
	EndGlobalSection
	GlobalSection(ExtensibilityGlobals) = postSolution
		SolutionGuid = {D62267A9-9BB4-4828-BA70-ED40F8649D2F}
	EndGlobalSection
EndGlobal
