
Microsoft Visual Studio Solution File, Format Version 12.00
# Visual Studio Version 17
VisualStudioVersion = 17.3.32819.101
MinimumVisualStudioVersion = 10.0.40219.1
Project("{FAE04EC0-301F-11D3-BF4B-00C04F79EFBC}") = "Opgave 7", "Opgave 7\Opgave 7.csproj", "{FE8DF0E7-6B00-43D7-8048-06152C6D71FA}"
EndProject
Global
	GlobalSection(SolutionConfigurationPlatforms) = preSolution
		Debug|Any CPU = Debug|Any CPU
		Release|Any CPU = Release|Any CPU
	EndGlobalSection
	GlobalSection(ProjectConfigurationPlatforms) = postSolution
		{FE8DF0E7-6B00-43D7-8048-06152C6D71FA}.Debug|Any CPU.ActiveCfg = Debug|Any CPU
		{FE8DF0E7-6B00-43D7-8048-06152C6D71FA}.Debug|Any CPU.Build.0 = Debug|Any CPU
		{FE8DF0E7-6B00-43D7-8048-06152C6D71FA}.Release|Any CPU.ActiveCfg = Release|Any CPU
		{FE8DF0E7-6B00-43D7-8048-06152C6D71FA}.Release|Any CPU.Build.0 = Release|Any CPU
	EndGlobalSection
	GlobalSection(SolutionProperties) = preSolution
		HideSolutionNode = FALSE
	EndGlobalSection
	GlobalSection(ExtensibilityGlobals) = postSolution
		SolutionGuid = {3961C12B-2051-4D9B-BAA5-37FD9D586A0F}
	EndGlobalSection
EndGlobal
