
Microsoft Visual Studio Solution File, Format Version 12.00
# Visual Studio Version 17
VisualStudioVersion = 17.3.32922.545
MinimumVisualStudioVersion = 10.0.40219.1
Project("{FAE04EC0-301F-11D3-BF4B-00C04F79EFBC}") = "Return Keyword demo", "Return Keyword demo.csproj", "{1ED9477A-33FE-4047-BD3C-B7F4AC4845DA}"
EndProject
Global
	GlobalSection(SolutionConfigurationPlatforms) = preSolution
		Debug|Any CPU = Debug|Any CPU
		Release|Any CPU = Release|Any CPU
	EndGlobalSection
	GlobalSection(ProjectConfigurationPlatforms) = postSolution
		{1ED9477A-33FE-4047-BD3C-B7F4AC4845DA}.Debug|Any CPU.ActiveCfg = Debug|Any CPU
		{1ED9477A-33FE-4047-BD3C-B7F4AC4845DA}.Debug|Any CPU.Build.0 = Debug|Any CPU
		{1ED9477A-33FE-4047-BD3C-B7F4AC4845DA}.Release|Any CPU.ActiveCfg = Release|Any CPU
		{1ED9477A-33FE-4047-BD3C-B7F4AC4845DA}.Release|Any CPU.Build.0 = Release|Any CPU
	EndGlobalSection
	GlobalSection(SolutionProperties) = preSolution
		HideSolutionNode = FALSE
	EndGlobalSection
	GlobalSection(ExtensibilityGlobals) = postSolution
		SolutionGuid = {3E6826E1-A1E6-4830-9A4A-71F4E9B66DFF}
	EndGlobalSection
EndGlobal
