
Microsoft Visual Studio Solution File, Format Version 12.00
# Visual Studio Version 17
VisualStudioVersion = 17.3.32922.545
MinimumVisualStudioVersion = 10.0.40219.1
Project("{FAE04EC0-301F-11D3-BF4B-00C04F79EFBC}") = "Read from and Write to a text file demo", "Read from and Write to a text file demo.csproj", "{F21E7EC7-D3C9-4FA7-9755-2863249AA8FB}"
EndProject
Global
	GlobalSection(SolutionConfigurationPlatforms) = preSolution
		Debug|Any CPU = Debug|Any CPU
		Release|Any CPU = Release|Any CPU
	EndGlobalSection
	GlobalSection(ProjectConfigurationPlatforms) = postSolution
		{F21E7EC7-D3C9-4FA7-9755-2863249AA8FB}.Debug|Any CPU.ActiveCfg = Debug|Any CPU
		{F21E7EC7-D3C9-4FA7-9755-2863249AA8FB}.Debug|Any CPU.Build.0 = Debug|Any CPU
		{F21E7EC7-D3C9-4FA7-9755-2863249AA8FB}.Release|Any CPU.ActiveCfg = Release|Any CPU
		{F21E7EC7-D3C9-4FA7-9755-2863249AA8FB}.Release|Any CPU.Build.0 = Release|Any CPU
	EndGlobalSection
	GlobalSection(SolutionProperties) = preSolution
		HideSolutionNode = FALSE
	EndGlobalSection
	GlobalSection(ExtensibilityGlobals) = postSolution
		SolutionGuid = {6685A2A1-884D-4BEF-AF4B-86F792AB4DEF}
	EndGlobalSection
EndGlobal
