
Microsoft Visual Studio Solution File, Format Version 12.00
# Visual Studio Version 17
VisualStudioVersion = 17.3.32819.101
MinimumVisualStudioVersion = 10.0.40219.1
Project("{FAE04EC0-301F-11D3-BF4B-00C04F79EFBC}") = "MenuSystem", "MenuSystem\MenuSystem.csproj", "{46288525-C567-4C7F-ABF6-07FC17F35AB4}"
EndProject
Global
	GlobalSection(SolutionConfigurationPlatforms) = preSolution
		Debug|Any CPU = Debug|Any CPU
		Release|Any CPU = Release|Any CPU
	EndGlobalSection
	GlobalSection(ProjectConfigurationPlatforms) = postSolution
		{46288525-C567-4C7F-ABF6-07FC17F35AB4}.Debug|Any CPU.ActiveCfg = Debug|Any CPU
		{46288525-C567-4C7F-ABF6-07FC17F35AB4}.Debug|Any CPU.Build.0 = Debug|Any CPU
		{46288525-C567-4C7F-ABF6-07FC17F35AB4}.Release|Any CPU.ActiveCfg = Release|Any CPU
		{46288525-C567-4C7F-ABF6-07FC17F35AB4}.Release|Any CPU.Build.0 = Release|Any CPU
	EndGlobalSection
	GlobalSection(SolutionProperties) = preSolution
		HideSolutionNode = FALSE
	EndGlobalSection
	GlobalSection(ExtensibilityGlobals) = postSolution
		SolutionGuid = {D881667D-EADC-4E74-BCB9-1037B3373550}
	EndGlobalSection
EndGlobal
