
Microsoft Visual Studio Solution File, Format Version 12.00
# Visual Studio Version 17
VisualStudioVersion = 17.3.32922.545
MinimumVisualStudioVersion = 10.0.40219.1
Project("{FAE04EC0-301F-11D3-BF4B-00C04F79EFBC}") = "Lommeregner", "ex06\Lommeregner.csproj", "{B4C9E92B-0A8B-4162-9379-35EF5F096145}"
EndProject
Project("{FAE04EC0-301F-11D3-BF4B-00C04F79EFBC}") = "LommeregnerTest", "LommeregnerTest\LommeregnerTest.csproj", "{9AE1A5AE-A659-4D39-923F-29E3E36E6A0F}"
EndProject
Global
	GlobalSection(SolutionConfigurationPlatforms) = preSolution
		Debug|Any CPU = Debug|Any CPU
		Release|Any CPU = Release|Any CPU
	EndGlobalSection
	GlobalSection(ProjectConfigurationPlatforms) = postSolution
		{B4C9E92B-0A8B-4162-9379-35EF5F096145}.Debug|Any CPU.ActiveCfg = Debug|Any CPU
		{B4C9E92B-0A8B-4162-9379-35EF5F096145}.Debug|Any CPU.Build.0 = Debug|Any CPU
		{B4C9E92B-0A8B-4162-9379-35EF5F096145}.Release|Any CPU.ActiveCfg = Release|Any CPU
		{B4C9E92B-0A8B-4162-9379-35EF5F096145}.Release|Any CPU.Build.0 = Release|Any CPU
		{9AE1A5AE-A659-4D39-923F-29E3E36E6A0F}.Debug|Any CPU.ActiveCfg = Debug|Any CPU
		{9AE1A5AE-A659-4D39-923F-29E3E36E6A0F}.Debug|Any CPU.Build.0 = Debug|Any CPU
		{9AE1A5AE-A659-4D39-923F-29E3E36E6A0F}.Release|Any CPU.ActiveCfg = Release|Any CPU
		{9AE1A5AE-A659-4D39-923F-29E3E36E6A0F}.Release|Any CPU.Build.0 = Release|Any CPU
	EndGlobalSection
	GlobalSection(SolutionProperties) = preSolution
		HideSolutionNode = FALSE
	EndGlobalSection
	GlobalSection(ExtensibilityGlobals) = postSolution
		SolutionGuid = {230E4DC6-1FF7-424F-B314-EEF63BECB7CE}
	EndGlobalSection
EndGlobal
